
Microsoft Visual Studio Solution File, Format Version 12.00
# Visual Studio Version 17
VisualStudioVersion = 17.2.32602.215
MinimumVisualStudioVersion = 10.0.40219.1
Project("{FAE04EC0-301F-11D3-BF4B-00C04F79EFBC}") = "CatchMindGUIClient", "CatchMindGUIClient\CatchMindGUIClient.csproj", "{1AD7D233-1080-421A-AAB7-A08E17BA5B31}"
EndProject
Project("{FAE04EC0-301F-11D3-BF4B-00C04F79EFBC}") = "CatchMindLibrary", "CatchMindLibrary\CatchMindLibrary.csproj", "{EB687BA9-E271-4FD6-A67E-B0D189D146D1}"
EndProject
Project("{FAE04EC0-301F-11D3-BF4B-00C04F79EFBC}") = "CatchMindServiceHost", "CatchMindServiceHost\CatchMindServiceHost.csproj", "{585F1553-91DC-406E-808D-887BCD0CAD3E}"
EndProject
Global
	GlobalSection(SolutionConfigurationPlatforms) = preSolution
		Debug|Any CPU = Debug|Any CPU
		Release|Any CPU = Release|Any CPU
	EndGlobalSection
	GlobalSection(ProjectConfigurationPlatforms) = postSolution
		{1AD7D233-1080-421A-AAB7-A08E17BA5B31}.Debug|Any CPU.ActiveCfg = Debug|Any CPU
		{1AD7D233-1080-421A-AAB7-A08E17BA5B31}.Debug|Any CPU.Build.0 = Debug|Any CPU
		{1AD7D233-1080-421A-AAB7-A08E17BA5B31}.Release|Any CPU.ActiveCfg = Release|Any CPU
		{1AD7D233-1080-421A-AAB7-A08E17BA5B31}.Release|Any CPU.Build.0 = Release|Any CPU
		{EB687BA9-E271-4FD6-A67E-B0D189D146D1}.Debug|Any CPU.ActiveCfg = Debug|Any CPU
		{EB687BA9-E271-4FD6-A67E-B0D189D146D1}.Debug|Any CPU.Build.0 = Debug|Any CPU
		{EB687BA9-E271-4FD6-A67E-B0D189D146D1}.Release|Any CPU.ActiveCfg = Release|Any CPU
		{EB687BA9-E271-4FD6-A67E-B0D189D146D1}.Release|Any CPU.Build.0 = Release|Any CPU
		{585F1553-91DC-406E-808D-887BCD0CAD3E}.Debug|Any CPU.ActiveCfg = Debug|Any CPU
		{585F1553-91DC-406E-808D-887BCD0CAD3E}.Debug|Any CPU.Build.0 = Debug|Any CPU
		{585F1553-91DC-406E-808D-887BCD0CAD3E}.Release|Any CPU.ActiveCfg = Release|Any CPU
		{585F1553-91DC-406E-808D-887BCD0CAD3E}.Release|Any CPU.Build.0 = Release|Any CPU
	EndGlobalSection
	GlobalSection(SolutionProperties) = preSolution
		HideSolutionNode = FALSE
	EndGlobalSection
	GlobalSection(ExtensibilityGlobals) = postSolution
		SolutionGuid = {C75F118F-B855-4CD0-B6C1-E98FAEE4237E}
	EndGlobalSection
EndGlobal
